
Microsoft Visual Studio Solution File, Format Version 12.00
# Visual Studio Version 16
VisualStudioVersion = 16.0.29519.87
MinimumVisualStudioVersion = 10.0.40219.1
Project("{8BC9CEB8-8B4A-11D0-8D11-00A0C91BC942}") = "Day3", "Day3\Day3.vcxproj", "{94E6120E-097B-409B-B6A5-7D65778C4F14}"
EndProject
Global
	GlobalSection(SolutionConfigurationPlatforms) = preSolution
		Debug|x64 = Debug|x64
		Debug|x86 = Debug|x86
		Release|x64 = Release|x64
		Release|x86 = Release|x86
	EndGlobalSection
	GlobalSection(ProjectConfigurationPlatforms) = postSolution
		{94E6120E-097B-409B-B6A5-7D65778C4F14}.Debug|x64.ActiveCfg = Debug|x64
		{94E6120E-097B-409B-B6A5-7D65778C4F14}.Debug|x64.Build.0 = Debug|x64
		{94E6120E-097B-409B-B6A5-7D65778C4F14}.Debug|x86.ActiveCfg = Debug|Win32
		{94E6120E-097B-409B-B6A5-7D65778C4F14}.Debug|x86.Build.0 = Debug|Win32
		{94E6120E-097B-409B-B6A5-7D65778C4F14}.Release|x64.ActiveCfg = Release|x64
		{94E6120E-097B-409B-B6A5-7D65778C4F14}.Release|x64.Build.0 = Release|x64
		{94E6120E-097B-409B-B6A5-7D65778C4F14}.Release|x86.ActiveCfg = Release|Win32
		{94E6120E-097B-409B-B6A5-7D65778C4F14}.Release|x86.Build.0 = Release|Win32
	EndGlobalSection
	GlobalSection(SolutionProperties) = preSolution
		HideSolutionNode = FALSE
	EndGlobalSection
	GlobalSection(ExtensibilityGlobals) = postSolution
		SolutionGuid = {BF7C2EAC-58E3-4CB2-8A77-BBA6FED62C1D}
	EndGlobalSection
EndGlobal
